
Microsoft Visual Studio Solution File, Format Version 12.00
# Visual Studio 2012
Project("{FAE04EC0-301F-11D3-BF4B-00C04F79EFBC}") = "PCLaw 16 Merge", "PCLaw 16 Merge\PCLaw 16 Merge.csproj", "{1EF24052-E032-420A-B00F-AB023E355B0B}"
EndProject
Global
	GlobalSection(SolutionConfigurationPlatforms) = preSolution
		Debug|Any CPU = Debug|Any CPU
		Release|Any CPU = Release|Any CPU
	EndGlobalSection
	GlobalSection(ProjectConfigurationPlatforms) = postSolution
		{1EF24052-E032-420A-B00F-AB023E355B0B}.Debug|Any CPU.ActiveCfg = Debug|Any CPU
		{1EF24052-E032-420A-B00F-AB023E355B0B}.Debug|Any CPU.Build.0 = Debug|Any CPU
		{1EF24052-E032-420A-B00F-AB023E355B0B}.Release|Any CPU.ActiveCfg = Release|Any CPU
		{1EF24052-E032-420A-B00F-AB023E355B0B}.Release|Any CPU.Build.0 = Release|Any CPU
	EndGlobalSection
	GlobalSection(SolutionProperties) = preSolution
		HideSolutionNode = FALSE
	EndGlobalSection
EndGlobal
